{
  "originHash" : "6db2aa8f2f9567d608e28aa6c746c58f3429acf6499a7a5c25a3ce648d9dfeb2",
  "pins" : [
    {
      "identity" : "swift-html-entities",
      "kind" : "remoteSourceControl",
      "location" : "https://github.com/Kitura/swift-html-entities.git",
      "state" : {
        "revision" : "2b14531d0c36dbb7c1c45a4d38db9c2e7898a307",
        "version" : "3.0.200"
      }
    }
  ],
  "version" : 3
}
